
Microsoft Visual Studio Solution File, Format Version 12.00
# Visual Studio Version 16
VisualStudioVersion = 16.0.31321.278
MinimumVisualStudioVersion = 10.0.40219.1
Project("{FAE04EC0-301F-11D3-BF4B-00C04F79EFBC}") = "WebApplication1", "WebApplication1\WebApplication1.csproj", "{8C924CFE-CEA3-45B7-A6C1-050DB7E72543}"
EndProject
Project("{FAE04EC0-301F-11D3-BF4B-00C04F79EFBC}") = "DebuggingDemo.Tests", "DebuggingDemo.Tests\DebuggingDemo.Tests.csproj", "{13B3DA15-DB4A-4CF9-82D3-F89823817B1E}"
EndProject
Global
	GlobalSection(SolutionConfigurationPlatforms) = preSolution
		Debug|Any CPU = Debug|Any CPU
		Release|Any CPU = Release|Any CPU
	EndGlobalSection
	GlobalSection(ProjectConfigurationPlatforms) = postSolution
		{8C924CFE-CEA3-45B7-A6C1-050DB7E72543}.Debug|Any CPU.ActiveCfg = Debug|Any CPU
		{8C924CFE-CEA3-45B7-A6C1-050DB7E72543}.Debug|Any CPU.Build.0 = Debug|Any CPU
		{8C924CFE-CEA3-45B7-A6C1-050DB7E72543}.Release|Any CPU.ActiveCfg = Release|Any CPU
		{8C924CFE-CEA3-45B7-A6C1-050DB7E72543}.Release|Any CPU.Build.0 = Release|Any CPU
		{13B3DA15-DB4A-4CF9-82D3-F89823817B1E}.Debug|Any CPU.ActiveCfg = Debug|Any CPU
		{13B3DA15-DB4A-4CF9-82D3-F89823817B1E}.Debug|Any CPU.Build.0 = Debug|Any CPU
		{13B3DA15-DB4A-4CF9-82D3-F89823817B1E}.Release|Any CPU.ActiveCfg = Release|Any CPU
		{13B3DA15-DB4A-4CF9-82D3-F89823817B1E}.Release|Any CPU.Build.0 = Release|Any CPU
	EndGlobalSection
	GlobalSection(SolutionProperties) = preSolution
		HideSolutionNode = FALSE
	EndGlobalSection
	GlobalSection(ExtensibilityGlobals) = postSolution
		SolutionGuid = {5545565A-A6A2-4D7F-9EA6-83D90FE07B98}
	EndGlobalSection
EndGlobal
