
Microsoft Visual Studio Solution File, Format Version 12.00
# Visual Studio Version 16
VisualStudioVersion = 16.0.31321.278
MinimumVisualStudioVersion = 10.0.40219.1
Project("{FAE04EC0-301F-11D3-BF4B-00C04F79EFBC}") = "UrlsAndRoutes", "UrlsAndRoutes\UrlsAndRoutes.csproj", "{486AED4F-168F-4176-8B84-AF29E7A0079C}"
EndProject
Project("{FAE04EC0-301F-11D3-BF4B-00C04F79EFBC}") = "UrlsAndRoutes.Tests", "UrlsAndRoutes.Tests\UrlsAndRoutes.Tests.csproj", "{F383C991-AEFB-48F4-AA4D-FFC1BCA45222}"
EndProject
Global
	GlobalSection(SolutionConfigurationPlatforms) = preSolution
		Debug|Any CPU = Debug|Any CPU
		Release|Any CPU = Release|Any CPU
	EndGlobalSection
	GlobalSection(ProjectConfigurationPlatforms) = postSolution
		{486AED4F-168F-4176-8B84-AF29E7A0079C}.Debug|Any CPU.ActiveCfg = Debug|Any CPU
		{486AED4F-168F-4176-8B84-AF29E7A0079C}.Debug|Any CPU.Build.0 = Debug|Any CPU
		{486AED4F-168F-4176-8B84-AF29E7A0079C}.Release|Any CPU.ActiveCfg = Release|Any CPU
		{486AED4F-168F-4176-8B84-AF29E7A0079C}.Release|Any CPU.Build.0 = Release|Any CPU
		{F383C991-AEFB-48F4-AA4D-FFC1BCA45222}.Debug|Any CPU.ActiveCfg = Debug|Any CPU
		{F383C991-AEFB-48F4-AA4D-FFC1BCA45222}.Debug|Any CPU.Build.0 = Debug|Any CPU
		{F383C991-AEFB-48F4-AA4D-FFC1BCA45222}.Release|Any CPU.ActiveCfg = Release|Any CPU
		{F383C991-AEFB-48F4-AA4D-FFC1BCA45222}.Release|Any CPU.Build.0 = Release|Any CPU
	EndGlobalSection
	GlobalSection(SolutionProperties) = preSolution
		HideSolutionNode = FALSE
	EndGlobalSection
	GlobalSection(ExtensibilityGlobals) = postSolution
		SolutionGuid = {BF559BFC-1CE9-4C95-A8C1-A9A19A2A9E34}
	EndGlobalSection
EndGlobal
