
Microsoft Visual Studio Solution File, Format Version 12.00
# Visual Studio Version 16
VisualStudioVersion = 16.0.31205.175
MinimumVisualStudioVersion = 10.0.40219.1
Project("{FAE04EC0-301F-11D3-BF4B-00C04F79EFBC}") = "EssentialTools", "EssentialTools\EssentialTools.csproj", "{57DEC844-6C67-4604-B6B2-73918314A54B}"
EndProject
Project("{FAE04EC0-301F-11D3-BF4B-00C04F79EFBC}") = "EssentialTools.Tests", "EssentialTools.Tests\EssentialTools.Tests.csproj", "{801E07D1-E1C1-4859-AA6B-E0D0E977AFD7}"
EndProject
Global
	GlobalSection(SolutionConfigurationPlatforms) = preSolution
		Debug|Any CPU = Debug|Any CPU
		Release|Any CPU = Release|Any CPU
	EndGlobalSection
	GlobalSection(ProjectConfigurationPlatforms) = postSolution
		{57DEC844-6C67-4604-B6B2-73918314A54B}.Debug|Any CPU.ActiveCfg = Debug|Any CPU
		{57DEC844-6C67-4604-B6B2-73918314A54B}.Debug|Any CPU.Build.0 = Debug|Any CPU
		{57DEC844-6C67-4604-B6B2-73918314A54B}.Release|Any CPU.ActiveCfg = Release|Any CPU
		{57DEC844-6C67-4604-B6B2-73918314A54B}.Release|Any CPU.Build.0 = Release|Any CPU
		{801E07D1-E1C1-4859-AA6B-E0D0E977AFD7}.Debug|Any CPU.ActiveCfg = Debug|Any CPU
		{801E07D1-E1C1-4859-AA6B-E0D0E977AFD7}.Debug|Any CPU.Build.0 = Debug|Any CPU
		{801E07D1-E1C1-4859-AA6B-E0D0E977AFD7}.Release|Any CPU.ActiveCfg = Release|Any CPU
		{801E07D1-E1C1-4859-AA6B-E0D0E977AFD7}.Release|Any CPU.Build.0 = Release|Any CPU
	EndGlobalSection
	GlobalSection(SolutionProperties) = preSolution
		HideSolutionNode = FALSE
	EndGlobalSection
	GlobalSection(ExtensibilityGlobals) = postSolution
		SolutionGuid = {D0A001AB-0231-4F96-9ACF-73DFFA05E1AE}
	EndGlobalSection
EndGlobal
